// !$*UTF8*$!
{
	archiveVersion = 1;
	classes = {
	};
	objectVersion = 46;
	objects = {

/* Begin PBXBuildFile section */
		5BDB440A1E236BBA00D34051 /* main.m in Sources */ = {isa = PBXBuildFile; fileRef = 5BDB44091E236BBA00D34051 /* main.m */; };
		5BDB440D1E236BBA00D34051 /* AppDelegate.m in Sources */ = {isa = PBXBuildFile; fileRef = 5BDB440C1E236BBA00D34051 /* AppDelegate.m */; };
		5BDB44101E236BBA00D34051 /* ViewController.m in Sources */ = {isa = PBXBuildFile; fileRef = 5BDB440F1E236BBA00D34051 /* ViewController.m */; };
		5BDB44131E236BBA00D34051 /* Main.storyboard in Resources */ = {isa = PBXBuildFile; fileRef = 5BDB44111E236BBA00D34051 /* Main.storyboard */; };
		5BDB44151E236BBA00D34051 /* Assets.xcassets in Resources */ = {isa = PBXBuildFile; fileRef = 5BDB44141E236BBA00D34051 /* Assets.xcassets */; };
		5BDB44181E236BBA00D34051 /* LaunchScreen.storyboard in Resources */ = {isa = PBXBuildFile; fileRef = 5BDB44161E236BBA00D34051 /* LaunchScreen.storyboard */; };
		5BDB44231E236BBA00D34051 /* Animation_day3Tests.m in Sources */ = {isa = PBXBuildFile; fileRef = 5BDB44221E236BBA00D34051 /* Animation_day3Tests.m */; };
		5BDB442E1E236BBA00D34051 /* Animation_day3UITests.m in Sources */ = {isa = PBXBuildFile; fileRef = 5BDB442D1E236BBA00D34051 /* Animation_day3UITests.m */; };
/* End PBXBuildFile section */

/* Begin PBXContainerItemProxy section */
		5BDB441F1E236BBA00D34051 /* PBXContainerItemProxy */ = {
			isa = PBXContainerItemProxy;
			containerPortal = 5BDB43FD1E236BB900D34051 /* Project object */;
			proxyType = 1;
			remoteGlobalIDString = 5BDB44041E236BB900D34051;
			remoteInfo = Animation_day3;
		};
		5BDB442A1E236BBA00D34051 /* PBXContainerItemProxy */ = {
			isa = PBXContainerItemProxy;
			containerPortal = 5BDB43FD1E236BB900D34051 /* Project object */;
			proxyType = 1;
			remoteGlobalIDString = 5BDB44041E236BB900D34051;
			remoteInfo = Animation_day3;
		};
/* End PBXContainerItemProxy section */

/* Begin PBXFileReference section */
		5BDB44051E236BB900D34051 /* Animation_day3.app */ = {isa = PBXFileReference; explicitFileType = wrapper.application; includeInIndex = 0; path = Animation_day3.app; sourceTree = BUILT_PRODUCTS_DIR; };
		5BDB44091E236BBA00D34051 /* main.m */ = {isa = PBXFileReference; lastKnownFileType = sourcecode.c.objc; path = main.m; sourceTree = "<group>"; };
		5BDB440B1E236BBA00D34051 /* AppDelegate.h */ = {isa = PBXFileReference; lastKnownFileType = sourcecode.c.h; path = AppDelegate.h; sourceTree = "<group>"; };
		5BDB440C1E236BBA00D34051 /* AppDelegate.m */ = {isa = PBXFileReference; lastKnownFileType = sourcecode.c.objc; path = AppDelegate.m; sourceTree = "<group>"; };
		5BDB440E1E236BBA00D34051 /* ViewController.h */ = {isa = PBXFileReference; lastKnownFileType = sourcecode.c.h; path = ViewController.h; sourceTree = "<group>"; };
		5BDB440F1E236BBA00D34051 /* ViewController.m */ = {isa = PBXFileReference; lastKnownFileType = sourcecode.c.objc; path = ViewController.m; sourceTree = "<group>"; };
		5BDB44121E236BBA00D34051 /* Base */ = {isa = PBXFileReference; lastKnownFileType = file.storyboard; name = Base; path = Base.lproj/Main.storyboard; sourceTree = "<group>"; };
		5BDB44141E236BBA00D34051 /* Assets.xcassets */ = {isa = PBXFileReference; lastKnownFileType = folder.assetcatalog; path = Assets.xcassets; sourceTree = "<group>"; };
		5BDB44171E236BBA00D34051 /* Base */ = {isa = PBXFileReference; lastKnownFileType = file.storyboard; name = Base; path = Base.lproj/LaunchScreen.storyboard; sourceTree = "<group>"; };
		5BDB44191E236BBA00D34051 /* Info.plist */ = {isa = PBXFileReference; lastKnownFileType = text.plist.xml; path = Info.plist; sourceTree = "<group>"; };
		5BDB441E1E236BBA00D34051 /* Animation_day3Tests.xctest */ = {isa = PBXFileReference; explicitFileType = wrapper.cfbundle; includeInIndex = 0; path = Animation_day3Tests.xctest; sourceTree = BUILT_PRODUCTS_DIR; };
		5BDB44221E236BBA00D34051 /* Animation_day3Tests.m */ = {isa = PBXFileReference; lastKnownFileType = sourcecode.c.objc; path = Animation_day3Tests.m; sourceTree = "<group>"; };
		5BDB44241E236BBA00D34051 /* Info.plist */ = {isa = PBXFileReference; lastKnownFileType = text.plist.xml; path = Info.plist; sourceTree = "<group>"; };
		5BDB44291E236BBA00D34051 /* Animation_day3UITests.xctest */ = {isa = PBXFileReference; explicitFileType = wrapper.cfbundle; includeInIndex = 0; path = Animation_day3UITests.xctest; sourceTree = BUILT_PRODUCTS_DIR; };
		5BDB442D1E236BBA00D34051 /* Animation_day3UITests.m */ = {isa = PBXFileReference; lastKnownFileType = sourcecode.c.objc; path = Animation_day3UITests.m; sourceTree = "<group>"; };
		5BDB442F1E236BBA00D34051 /* Info.plist */ = {isa = PBXFileReference; lastKnownFileType = text.plist.xml; path = Info.plist; sourceTree = "<group>"; };
/* End PBXFileReference section */

/* Begin PBXFrameworksBuildPhase section */
		5BDB44021E236BB900D34051 /* Frameworks */ = {
			isa = PBXFrameworksBuildPhase;
			buildActionMask = 2147483647;
			files = (
			);
			runOnlyForDeploymentPostprocessing = 0;
		};
		5BDB441B1E236BBA00D34051 /* Frameworks */ = {
			isa = PBXFrameworksBuildPhase;
			buildActionMask = 2147483647;
			files = (
			);
			runOnlyForDeploymentPostprocessing = 0;
		};
		5BDB44261E236BBA00D34051 /* Frameworks */ = {
			isa = PBXFrameworksBuildPhase;
			buildActionMask = 2147483647;
			files = (
			);
			runOnlyForDeploymentPostprocessing = 0;
		};
/* End PBXFrameworksBuildPhase section */

/* Begin PBXGroup section */
		5BDB43FC1E236BB900D34051 = {
			isa = PBXGroup;
			children = (
				5BDB44071E236BB900D34051 /* Animation_day3 */,
				5BDB44211E236BBA00D34051 /* Animation_day3Tests */,
				5BDB442C1E236BBA00D34051 /* Animation_day3UITests */,
				5BDB44061E236BB900D34051 /* Products */,
			);
			sourceTree = "<group>";
		};
		5BDB44061E236BB900D34051 /* Products */ = {
			isa = PBXGroup;
			children = (
				5BDB44051E236BB900D34051 /* Animation_day3.app */,
				5BDB441E1E236BBA00D34051 /* Animation_day3Tests.xctest */,
				5BDB44291E236BBA00D34051 /* Animation_day3UITests.xctest */,
			);
			name = Products;
			sourceTree = "<group>";
		};
		5BDB44071E236BB900D34051 /* Animation_day3 */ = {
			isa = PBXGroup;
			children = (
				5BDB440B1E236BBA00D34051 /* AppDelegate.h */,
				5BDB440C1E236BBA00D34051 /* AppDelegate.m */,
				5BDB440E1E236BBA00D34051 /* ViewController.h */,
				5BDB440F1E236BBA00D34051 /* ViewController.m */,
				5BDB44111E236BBA00D34051 /* Main.storyboard */,
				5BDB44141E236BBA00D34051 /* Assets.xcassets */,
				5BDB44161E236BBA00D34051 /* LaunchScreen.storyboard */,
				5BDB44191E236BBA00D34051 /* Info.plist */,
				5BDB44081E236BBA00D34051 /* Supporting Files */,
			);
			path = Animation_day3;
			sourceTree = "<group>";
		};
		5BDB44081E236BBA00D34051 /* Supporting Files */ = {
			isa = PBXGroup;
			children = (
				5BDB44091E236BBA00D34051 /* main.m */,
			);
			name = "Supporting Files";
			sourceTree = "<group>";
		};
		5BDB44211E236BBA00D34051 /* Animation_day3Tests */ = {
			isa = PBXGroup;
			children = (
				5BDB44221E236BBA00D34051 /* Animation_day3Tests.m */,
				5BDB44241E236BBA00D34051 /* Info.plist */,
			);
			path = Animation_day3Tests;
			sourceTree = "<group>";
		};
		5BDB442C1E236BBA00D34051 /* Animation_day3UITests */ = {
			isa = PBXGroup;
			children = (
				5BDB442D1E236BBA00D34051 /* Animation_day3UITests.m */,
				5BDB442F1E236BBA00D34051 /* Info.plist */,
			);
			path = Animation_day3UITests;
			sourceTree = "<group>";
		};
/* End PBXGroup section */

/* Begin PBXNativeTarget section */
		5BDB44041E236BB900D34051 /* Animation_day3 */ = {
			isa = PBXNativeTarget;
			buildConfigurationList = 5BDB44321E236BBA00D34051 /* Build configuration list for PBXNativeTarget "Animation_day3" */;
			buildPhases = (
				5BDB44011E236BB900D34051 /* Sources */,
				5BDB44021E236BB900D34051 /* Frameworks */,
				5BDB44031E236BB900D34051 /* Resources */,
			);
			buildRules = (
			);
			dependencies = (
			);
			name = Animation_day3;
			productName = Animation_day3;
			productReference = 5BDB44051E236BB900D34051 /* Animation_day3.app */;
			productType = "com.apple.product-type.application";
		};
		5BDB441D1E236BBA00D34051 /* Animation_day3Tests */ = {
			isa = PBXNativeTarget;
			buildConfigurationList = 5BDB44351E236BBA00D34051 /* Build configuration list for PBXNativeTarget "Animation_day3Tests" */;
			buildPhases = (
				5BDB441A1E236BBA00D34051 /* Sources */,
				5BDB441B1E236BBA00D34051 /* Frameworks */,
				5BDB441C1E236BBA00D34051 /* Resources */,
			);
			buildRules = (
			);
			dependencies = (
				5BDB44201E236BBA00D34051 /* PBXTargetDependency */,
			);
			name = Animation_day3Tests;
			productName = Animation_day3Tests;
			productReference = 5BDB441E1E236BBA00D34051 /* Animation_day3Tests.xctest */;
			productType = "com.apple.product-type.bundle.unit-test";
		};
		5BDB44281E236BBA00D34051 /* Animation_day3UITests */ = {
			isa = PBXNativeTarget;
			buildConfigurationList = 5BDB44381E236BBA00D34051 /* Build configuration list for PBXNativeTarget "Animation_day3UITests" */;
			buildPhases = (
				5BDB44251E236BBA00D34051 /* Sources */,
				5BDB44261E236BBA00D34051 /* Frameworks */,
				5BDB44271E236BBA00D34051 /* Resources */,
			);
			buildRules = (
			);
			dependencies = (
				5BDB442B1E236BBA00D34051 /* PBXTargetDependency */,
			);
			name = Animation_day3UITests;
			productName = Animation_day3UITests;
			productReference = 5BDB44291E236BBA00D34051 /* Animation_day3UITests.xctest */;
			productType = "com.apple.product-type.bundle.ui-testing";
		};
/* End PBXNativeTarget section */

/* Begin PBXProject section */
		5BDB43FD1E236BB900D34051 /* Project object */ = {
			isa = PBXProject;
			attributes = {
				LastUpgradeCheck = 0800;
				ORGANIZATIONNAME = hebing;
				TargetAttributes = {
					5BDB44041E236BB900D34051 = {
						CreatedOnToolsVersion = 8.0;
						DevelopmentTeam = 8RTXW783KB;
						ProvisioningStyle = Automatic;
					};
					5BDB441D1E236BBA00D34051 = {
						CreatedOnToolsVersion = 8.0;
						ProvisioningStyle = Automatic;
						TestTargetID = 5BDB44041E236BB900D34051;
					};
					5BDB44281E236BBA00D34051 = {
						CreatedOnToolsVersion = 8.0;
						ProvisioningStyle = Automatic;
						TestTargetID = 5BDB44041E236BB900D34051;
					};
				};
			};
			buildConfigurationList = 5BDB44001E236BB900D34051 /* Build configuration list for PBXProject "Animation_day3" */;
			compatibilityVersion = "Xcode 3.2";
			developmentRegion = English;
			hasScannedForEncodings = 0;
			knownRegions = (
				en,
				Base,
			);
			mainGroup = 5BDB43FC1E236BB900D34051;
			productRefGroup = 5BDB44061E236BB900D34051 /* Products */;
			projectDirPath = "";
			projectRoot = "";
			targets = (
				5BDB44041E236BB900D34051 /* Animation_day3 */,
				5BDB441D1E236BBA00D34051 /* Animation_day3Tests */,
				5BDB44281E236BBA00D34051 /* Animation_day3UITests */,
			);
		};
/* End PBXProject section */

/* Begin PBXResourcesBuildPhase section */
		5BDB44031E236BB900D34051 /* Resources */ = {
			isa = PBXResourcesBuildPhase;
			buildActionMask = 2147483647;
			files = (
				5BDB44181E236BBA00D34051 /* LaunchScreen.storyboard in Resources */,
				5BDB44151E236BBA00D34051 /* Assets.xcassets in Resources */,
				5BDB44131E236BBA00D34051 /* Main.storyboard in Resources */,
			);
			runOnlyForDeploymentPostprocessing = 0;
		};
		5BDB441C1E236BBA00D34051 /* Resources */ = {
			isa = PBXResourcesBuildPhase;
			buildActionMask = 2147483647;
			files = (
			);
			runOnlyForDeploymentPostprocessing = 0;
		};
		5BDB44271E236BBA00D34051 /* Resources */ = {
			isa = PBXResourcesBuildPhase;
			buildActionMask = 2147483647;
			files = (
			);
			runOnlyForDeploymentPostprocessing = 0;
		};
/* End PBXResourcesBuildPhase section */

/* Begin PBXSourcesBuildPhase section */
		5BDB44011E236BB900D34051 /* Sources */ = {
			isa = PBXSourcesBuildPhase;
			buildActionMask = 2147483647;
			files = (
				5BDB44101E236BBA00D34051 /* ViewController.m in Sources */,
				5BDB440D1E236BBA00D34051 /* AppDelegate.m in Sources */,
				5BDB440A1E236BBA00D34051 /* main.m in Sources */,
			);
			runOnlyForDeploymentPostprocessing = 0;
		};
		5BDB441A1E236BBA00D34051 /* Sources */ = {
			isa = PBXSourcesBuildPhase;
			buildActionMask = 2147483647;
			files = (
				5BDB44231E236BBA00D34051 /* Animation_day3Tests.m in Sources */,
			);
			runOnlyForDeploymentPostprocessing = 0;
		};
		5BDB44251E236BBA00D34051 /* Sources */ = {
			isa = PBXSourcesBuildPhase;
			buildActionMask = 2147483647;
			files = (
				5BDB442E1E236BBA00D34051 /* Animation_day3UITests.m in Sources */,
			);
			runOnlyForDeploymentPostprocessing = 0;
		};
/* End PBXSourcesBuildPhase section */

/* Begin PBXTargetDependency section */
		5BDB44201E236BBA00D34051 /* PBXTargetDependency */ = {
			isa = PBXTargetDependency;
			target = 5BDB44041E236BB900D34051 /* Animation_day3 */;
			targetProxy = 5BDB441F1E236BBA00D34051 /* PBXContainerItemProxy */;
		};
		5BDB442B1E236BBA00D34051 /* PBXTargetDependency */ = {
			isa = PBXTargetDependency;
			target = 5BDB44041E236BB900D34051 /* Animation_day3 */;
			targetProxy = 5BDB442A1E236BBA00D34051 /* PBXContainerItemProxy */;
		};
/* End PBXTargetDependency section */

/* Begin PBXVariantGroup section */
		5BDB44111E236BBA00D34051 /* Main.storyboard */ = {
			isa = PBXVariantGroup;
			children = (
				5BDB44121E236BBA00D34051 /* Base */,
			);
			name = Main.storyboard;
			sourceTree = "<group>";
		};
		5BDB44161E236BBA00D34051 /* LaunchScreen.storyboard */ = {
			isa = PBXVariantGroup;
			children = (
				5BDB44171E236BBA00D34051 /* Base */,
			);
			name = LaunchScreen.storyboard;
			sourceTree = "<group>";
		};
/* End PBXVariantGroup section */

/* Begin XCBuildConfiguration section */
		5BDB44301E236BBA00D34051 /* Debug */ = {
			isa = XCBuildConfiguration;
			buildSettings = {
				ALWAYS_SEARCH_USER_PATHS = NO;
				CLANG_ANALYZER_NONNULL = YES;
				CLANG_CXX_LANGUAGE_STANDARD = "gnu++0x";
				CLANG_CXX_LIBRARY = "libc++";
				CLANG_ENABLE_MODULES = YES;
				CLANG_ENABLE_OBJC_ARC = YES;
				CLANG_WARN_BOOL_CONVERSION = YES;
				CLANG_WARN_CONSTANT_CONVERSION = YES;
				CLANG_WARN_DIRECT_OBJC_ISA_USAGE = YES_ERROR;
				CLANG_WARN_DOCUMENTATION_COMMENTS = YES;
				CLANG_WARN_EMPTY_BODY = YES;
				CLANG_WARN_ENUM_CONVERSION = YES;
				CLANG_WARN_INFINITE_RECURSION = YES;
				CLANG_WARN_INT_CONVERSION = YES;
				CLANG_WARN_OBJC_ROOT_CLASS = YES_ERROR;
				CLANG_WARN_SUSPICIOUS_MOVES = YES;
				CLANG_WARN_UNREACHABLE_CODE = YES;
				CLANG_WARN__DUPLICATE_METHOD_MATCH = YES;
				"CODE_SIGN_IDENTITY[sdk=iphoneos*]" = "iPhone Developer";
				COPY_PHASE_STRIP = NO;
				DEBUG_INFORMATION_FORMAT = dwarf;
				ENABLE_STRICT_OBJC_MSGSEND = YES;
				ENABLE_TESTABILITY = YES;
				GCC_C_LANGUAGE_STANDARD = gnu99;
				GCC_DYNAMIC_NO_PIC = NO;
				GCC_NO_COMMON_BLOCKS = YES;
				GCC_OPTIMIZATION_LEVEL = 0;
				GCC_PREPROCESSOR_DEFINITIONS = (
					"DEBUG=1",
					"$(inherited)",
				);
				GCC_WARN_64_TO_32_BIT_CONVERSION = YES;
				GCC_WARN_ABOUT_RETURN_TYPE = YES_ERROR;
				GCC_WARN_UNDECLARED_SELECTOR = YES;
				GCC_WARN_UNINITIALIZED_AUTOS = YES_AGGRESSIVE;
				GCC_WARN_UNUSED_FUNCTION = YES;
				GCC_WARN_UNUSED_VARIABLE = YES;
				IPHONEOS_DEPLOYMENT_TARGET = 10.0;
				MTL_ENABLE_DEBUG_INFO = YES;
				ONLY_ACTIVE_ARCH = YES;
				SDKROOT = iphoneos;
				TARGETED_DEVICE_FAMILY = "1,2";
			};
			name = Debug;
		};
		5BDB44311E236BBA00D34051 /* Release */ = {
			isa = XCBuildConfiguration;
			buildSettings = {
				ALWAYS_SEARCH_USER_PATHS = NO;
				CLANG_ANALYZER_NONNULL = YES;
				CLANG_CXX_LANGUAGE_STANDARD = "gnu++0x";
				CLANG_CXX_LIBRARY = "libc++";
				CLANG_ENABLE_MODULES = YES;
				CLANG_ENABLE_OBJC_ARC = YES;
				CLANG_WARN_BOOL_CONVERSION = YES;
				CLANG_WARN_CONSTANT_CONVERSION = YES;
				CLANG_WARN_DIRECT_OBJC_ISA_USAGE = YES_ERROR;
				CLANG_WARN_DOCUMENTATION_COMMENTS = YES;
				CLANG_WARN_EMPTY_BODY = YES;
				CLANG_WARN_ENUM_CONVERSION = YES;
				CLANG_WARN_INFINITE_RECURSION = YES;
				CLANG_WARN_INT_CONVERSION = YES;
				CLANG_WARN_OBJC_ROOT_CLASS = YES_ERROR;
				CLANG_WARN_SUSPICIOUS_MOVES = YES;
				CLANG_WARN_UNREACHABLE_CODE = YES;
				CLANG_WARN__DUPLICATE_METHOD_MATCH = YES;
				"CODE_SIGN_IDENTITY[sdk=iphoneos*]" = "iPhone Developer";
				COPY_PHASE_STRIP = NO;
				DEBUG_INFORMATION_FORMAT = "dwarf-with-dsym";
				ENABLE_NS_ASSERTIONS = NO;
				ENABLE_STRICT_OBJC_MSGSEND = YES;
				GCC_C_LANGUAGE_STANDARD = gnu99;
				GCC_NO_COMMON_BLOCKS = YES;
				GCC_WARN_64_TO_32_BIT_CONVERSION = YES;
				GCC_WARN_ABOUT_RETURN_TYPE = YES_ERROR;
				GCC_WARN_UNDECLARED_SELECTOR = YES;
				GCC_WARN_UNINITIALIZED_AUTOS = YES_AGGRESSIVE;
				GCC_WARN_UNUSED_FUNCTION = YES;
				GCC_WARN_UNUSED_VARIABLE = YES;
				IPHONEOS_DEPLOYMENT_TARGET = 10.0;
				MTL_ENABLE_DEBUG_INFO = NO;
				SDKROOT = iphoneos;
				TARGETED_DEVICE_FAMILY = "1,2";
				VALIDATE_PRODUCT = YES;
			};
			name = Release;
		};
		5BDB44331E236BBA00D34051 /* Debug */ = {
			isa = XCBuildConfiguration;
			buildSettings = {
				ASSETCATALOG_COMPILER_APPICON_NAME = AppIcon;
				DEVELOPMENT_TEAM = 8RTXW783KB;
				INFOPLIST_FILE = Animation_day3/Info.plist;
				IPHONEOS_DEPLOYMENT_TARGET = 8.0;
				LD_RUNPATH_SEARCH_PATHS = "$(inherited) @executable_path/Frameworks";
				PRODUCT_BUNDLE_IDENTIFIER = "canfutianxia.Animation-day3";
				PRODUCT_NAME = "$(TARGET_NAME)";
			};
			name = Debug;
		};
		5BDB44341E236BBA00D34051 /* Release */ = {
			isa = XCBuildConfiguration;
			buildSettings = {
				ASSETCATALOG_COMPILER_APPICON_NAME = AppIcon;
				DEVELOPMENT_TEAM = 8RTXW783KB;
				INFOPLIST_FILE = Animation_day3/Info.plist;
				IPHONEOS_DEPLOYMENT_TARGET = 8.0;
				LD_RUNPATH_SEARCH_PATHS = "$(inherited) @executable_path/Frameworks";
				PRODUCT_BUNDLE_IDENTIFIER = "canfutianxia.Animation-day3";
				PRODUCT_NAME = "$(TARGET_NAME)";
			};
			name = Release;
		};
		5BDB44361E236BBA00D34051 /* Debug */ = {
			isa = XCBuildConfiguration;
			buildSettings = {
				BUNDLE_LOADER = "$(TEST_HOST)";
				INFOPLIST_FILE = Animation_day3Tests/Info.plist;
				LD_RUNPATH_SEARCH_PATHS = "$(inherited) @executable_path/Frameworks @loader_path/Frameworks";
				PRODUCT_BUNDLE_IDENTIFIER = "canfutianxia.Animation-day3Tests";
				PRODUCT_NAME = "$(TARGET_NAME)";
				TEST_HOST = "$(BUILT_PRODUCTS_DIR)/Animation_day3.app/Animation_day3";
			};
			name = Debug;
		};
		5BDB44371E236BBA00D34051 /* Release */ = {
			isa = XCBuildConfiguration;
			buildSettings = {
				BUNDLE_LOADER = "$(TEST_HOST)";
				INFOPLIST_FILE = Animation_day3Tests/Info.plist;
				LD_RUNPATH_SEARCH_PATHS = "$(inherited) @executable_path/Frameworks @loader_path/Frameworks";
				PRODUCT_BUNDLE_IDENTIFIER = "canfutianxia.Animation-day3Tests";
				PRODUCT_NAME = "$(TARGET_NAME)";
				TEST_HOST = "$(BUILT_PRODUCTS_DIR)/Animation_day3.app/Animation_day3";
			};
			name = Release;
		};
		5BDB44391E236BBA00D34051 /* Debug */ = {
			isa = XCBuildConfiguration;
			buildSettings = {
				INFOPLIST_FILE = Animation_day3UITests/Info.plist;
				LD_RUNPATH_SEARCH_PATHS = "$(inherited) @executable_path/Frameworks @loader_path/Frameworks";
				PRODUCT_BUNDLE_IDENTIFIER = "canfutianxia.Animation-day3UITests";
				PRODUCT_NAME = "$(TARGET_NAME)";
				TEST_TARGET_NAME = Animation_day3;
			};
			name = Debug;
		};
		5BDB443A1E236BBA00D34051 /* Release */ = {
			isa = XCBuildConfiguration;
			buildSettings = {
				INFOPLIST_FILE = Animation_day3UITests/Info.plist;
				LD_RUNPATH_SEARCH_PATHS = "$(inherited) @executable_path/Frameworks @loader_path/Frameworks";
				PRODUCT_BUNDLE_IDENTIFIER = "canfutianxia.Animation-day3UITests";
				PRODUCT_NAME = "$(TARGET_NAME)";
				TEST_TARGET_NAME = Animation_day3;
			};
			name = Release;
		};
/* End XCBuildConfiguration section */

/* Begin XCConfigurationList section */
		5BDB44001E236BB900D34051 /* Build configuration list for PBXProject "Animation_day3" */ = {
			isa = XCConfigurationList;
			buildConfigurations = (
				5BDB44301E236BBA00D34051 /* Debug */,
				5BDB44311E236BBA00D34051 /* Release */,
			);
			defaultConfigurationIsVisible = 0;
			defaultConfigurationName = Release;
		};
		5BDB44321E236BBA00D34051 /* Build configuration list for PBXNativeTarget "Animation_day3" */ = {
			isa = XCConfigurationList;
			buildConfigurations = (
				5BDB44331E236BBA00D34051 /* Debug */,
				5BDB44341E236BBA00D34051 /* Release */,
			);
			defaultConfigurationIsVisible = 0;
			defaultConfigurationName = Release;
		};
		5BDB44351E236BBA00D34051 /* Build configuration list for PBXNativeTarget "Animation_day3Tests" */ = {
			isa = XCConfigurationList;
			buildConfigurations = (
				5BDB44361E236BBA00D34051 /* Debug */,
				5BDB44371E236BBA00D34051 /* Release */,
			);
			defaultConfigurationIsVisible = 0;
			defaultConfigurationName = Release;
		};
		5BDB44381E236BBA00D34051 /* Build configuration list for PBXNativeTarget "Animation_day3UITests" */ = {
			isa = XCConfigurationList;
			buildConfigurations = (
				5BDB44391E236BBA00D34051 /* Debug */,
				5BDB443A1E236BBA00D34051 /* Release */,
			);
			defaultConfigurationIsVisible = 0;
			defaultConfigurationName = Release;
		};
/* End XCConfigurationList section */
	};
	rootObject = 5BDB43FD1E236BB900D34051 /* Project object */;
}
