// !$*UTF8*$!
{
	archiveVersion = 1;
	classes = {
	};
	objectVersion = 46;
	objects = {

/* Begin PBXBuildFile section */
		5BDB43C81E23373400D34051 /* main.m in Sources */ = {isa = PBXBuildFile; fileRef = 5BDB43C71E23373400D34051 /* main.m */; };
		5BDB43CB1E23373400D34051 /* AppDelegate.m in Sources */ = {isa = PBXBuildFile; fileRef = 5BDB43CA1E23373400D34051 /* AppDelegate.m */; };
		5BDB43CE1E23373400D34051 /* ViewController.m in Sources */ = {isa = PBXBuildFile; fileRef = 5BDB43CD1E23373400D34051 /* ViewController.m */; };
		5BDB43D11E23373400D34051 /* Main.storyboard in Resources */ = {isa = PBXBuildFile; fileRef = 5BDB43CF1E23373400D34051 /* Main.storyboard */; };
		5BDB43D31E23373400D34051 /* Assets.xcassets in Resources */ = {isa = PBXBuildFile; fileRef = 5BDB43D21E23373400D34051 /* Assets.xcassets */; };
		5BDB43D61E23373400D34051 /* LaunchScreen.storyboard in Resources */ = {isa = PBXBuildFile; fileRef = 5BDB43D41E23373400D34051 /* LaunchScreen.storyboard */; };
		5BDB43E11E23373400D34051 /* Animaition_day2Tests.m in Sources */ = {isa = PBXBuildFile; fileRef = 5BDB43E01E23373400D34051 /* Animaition_day2Tests.m */; };
		5BDB43EC1E23373400D34051 /* Animaition_day2UITests.m in Sources */ = {isa = PBXBuildFile; fileRef = 5BDB43EB1E23373400D34051 /* Animaition_day2UITests.m */; };
		5BDB43FB1E23382700D34051 /* AnimationView.m in Sources */ = {isa = PBXBuildFile; fileRef = 5BDB43FA1E23382700D34051 /* AnimationView.m */; };
/* End PBXBuildFile section */

/* Begin PBXContainerItemProxy section */
		5BDB43DD1E23373400D34051 /* PBXContainerItemProxy */ = {
			isa = PBXContainerItemProxy;
			containerPortal = 5BDB43BB1E23373200D34051 /* Project object */;
			proxyType = 1;
			remoteGlobalIDString = 5BDB43C21E23373200D34051;
			remoteInfo = Animaition_day2;
		};
		5BDB43E81E23373400D34051 /* PBXContainerItemProxy */ = {
			isa = PBXContainerItemProxy;
			containerPortal = 5BDB43BB1E23373200D34051 /* Project object */;
			proxyType = 1;
			remoteGlobalIDString = 5BDB43C21E23373200D34051;
			remoteInfo = Animaition_day2;
		};
/* End PBXContainerItemProxy section */

/* Begin PBXFileReference section */
		5BDB43C31E23373400D34051 /* Animaition_day2.app */ = {isa = PBXFileReference; explicitFileType = wrapper.application; includeInIndex = 0; path = Animaition_day2.app; sourceTree = BUILT_PRODUCTS_DIR; };
		5BDB43C71E23373400D34051 /* main.m */ = {isa = PBXFileReference; lastKnownFileType = sourcecode.c.objc; path = main.m; sourceTree = "<group>"; };
		5BDB43C91E23373400D34051 /* AppDelegate.h */ = {isa = PBXFileReference; lastKnownFileType = sourcecode.c.h; path = AppDelegate.h; sourceTree = "<group>"; };
		5BDB43CA1E23373400D34051 /* AppDelegate.m */ = {isa = PBXFileReference; lastKnownFileType = sourcecode.c.objc; path = AppDelegate.m; sourceTree = "<group>"; };
		5BDB43CC1E23373400D34051 /* ViewController.h */ = {isa = PBXFileReference; lastKnownFileType = sourcecode.c.h; path = ViewController.h; sourceTree = "<group>"; };
		5BDB43CD1E23373400D34051 /* ViewController.m */ = {isa = PBXFileReference; lastKnownFileType = sourcecode.c.objc; path = ViewController.m; sourceTree = "<group>"; };
		5BDB43D01E23373400D34051 /* Base */ = {isa = PBXFileReference; lastKnownFileType = file.storyboard; name = Base; path = Base.lproj/Main.storyboard; sourceTree = "<group>"; };
		5BDB43D21E23373400D34051 /* Assets.xcassets */ = {isa = PBXFileReference; lastKnownFileType = folder.assetcatalog; path = Assets.xcassets; sourceTree = "<group>"; };
		5BDB43D51E23373400D34051 /* Base */ = {isa = PBXFileReference; lastKnownFileType = file.storyboard; name = Base; path = Base.lproj/LaunchScreen.storyboard; sourceTree = "<group>"; };
		5BDB43D71E23373400D34051 /* Info.plist */ = {isa = PBXFileReference; lastKnownFileType = text.plist.xml; path = Info.plist; sourceTree = "<group>"; };
		5BDB43DC1E23373400D34051 /* Animaition_day2Tests.xctest */ = {isa = PBXFileReference; explicitFileType = wrapper.cfbundle; includeInIndex = 0; path = Animaition_day2Tests.xctest; sourceTree = BUILT_PRODUCTS_DIR; };
		5BDB43E01E23373400D34051 /* Animaition_day2Tests.m */ = {isa = PBXFileReference; lastKnownFileType = sourcecode.c.objc; path = Animaition_day2Tests.m; sourceTree = "<group>"; };
		5BDB43E21E23373400D34051 /* Info.plist */ = {isa = PBXFileReference; lastKnownFileType = text.plist.xml; path = Info.plist; sourceTree = "<group>"; };
		5BDB43E71E23373400D34051 /* Animaition_day2UITests.xctest */ = {isa = PBXFileReference; explicitFileType = wrapper.cfbundle; includeInIndex = 0; path = Animaition_day2UITests.xctest; sourceTree = BUILT_PRODUCTS_DIR; };
		5BDB43EB1E23373400D34051 /* Animaition_day2UITests.m */ = {isa = PBXFileReference; lastKnownFileType = sourcecode.c.objc; path = Animaition_day2UITests.m; sourceTree = "<group>"; };
		5BDB43ED1E23373400D34051 /* Info.plist */ = {isa = PBXFileReference; lastKnownFileType = text.plist.xml; path = Info.plist; sourceTree = "<group>"; };
		5BDB43F91E23382700D34051 /* AnimationView.h */ = {isa = PBXFileReference; fileEncoding = 4; lastKnownFileType = sourcecode.c.h; path = AnimationView.h; sourceTree = "<group>"; };
		5BDB43FA1E23382700D34051 /* AnimationView.m */ = {isa = PBXFileReference; fileEncoding = 4; lastKnownFileType = sourcecode.c.objc; path = AnimationView.m; sourceTree = "<group>"; };
/* End PBXFileReference section */

/* Begin PBXFrameworksBuildPhase section */
		5BDB43C01E23373200D34051 /* Frameworks */ = {
			isa = PBXFrameworksBuildPhase;
			buildActionMask = 2147483647;
			files = (
			);
			runOnlyForDeploymentPostprocessing = 0;
		};
		5BDB43D91E23373400D34051 /* Frameworks */ = {
			isa = PBXFrameworksBuildPhase;
			buildActionMask = 2147483647;
			files = (
			);
			runOnlyForDeploymentPostprocessing = 0;
		};
		5BDB43E41E23373400D34051 /* Frameworks */ = {
			isa = PBXFrameworksBuildPhase;
			buildActionMask = 2147483647;
			files = (
			);
			runOnlyForDeploymentPostprocessing = 0;
		};
/* End PBXFrameworksBuildPhase section */

/* Begin PBXGroup section */
		5BDB43BA1E23373200D34051 = {
			isa = PBXGroup;
			children = (
				5BDB43C51E23373400D34051 /* Animaition_day2 */,
				5BDB43DF1E23373400D34051 /* Animaition_day2Tests */,
				5BDB43EA1E23373400D34051 /* Animaition_day2UITests */,
				5BDB43C41E23373400D34051 /* Products */,
			);
			sourceTree = "<group>";
		};
		5BDB43C41E23373400D34051 /* Products */ = {
			isa = PBXGroup;
			children = (
				5BDB43C31E23373400D34051 /* Animaition_day2.app */,
				5BDB43DC1E23373400D34051 /* Animaition_day2Tests.xctest */,
				5BDB43E71E23373400D34051 /* Animaition_day2UITests.xctest */,
			);
			name = Products;
			sourceTree = "<group>";
		};
		5BDB43C51E23373400D34051 /* Animaition_day2 */ = {
			isa = PBXGroup;
			children = (
				5BDB43C91E23373400D34051 /* AppDelegate.h */,
				5BDB43CA1E23373400D34051 /* AppDelegate.m */,
				5BDB43CC1E23373400D34051 /* ViewController.h */,
				5BDB43CD1E23373400D34051 /* ViewController.m */,
				5BDB43F91E23382700D34051 /* AnimationView.h */,
				5BDB43FA1E23382700D34051 /* AnimationView.m */,
				5BDB43CF1E23373400D34051 /* Main.storyboard */,
				5BDB43D21E23373400D34051 /* Assets.xcassets */,
				5BDB43D41E23373400D34051 /* LaunchScreen.storyboard */,
				5BDB43D71E23373400D34051 /* Info.plist */,
				5BDB43C61E23373400D34051 /* Supporting Files */,
			);
			path = Animaition_day2;
			sourceTree = "<group>";
		};
		5BDB43C61E23373400D34051 /* Supporting Files */ = {
			isa = PBXGroup;
			children = (
				5BDB43C71E23373400D34051 /* main.m */,
			);
			name = "Supporting Files";
			sourceTree = "<group>";
		};
		5BDB43DF1E23373400D34051 /* Animaition_day2Tests */ = {
			isa = PBXGroup;
			children = (
				5BDB43E01E23373400D34051 /* Animaition_day2Tests.m */,
				5BDB43E21E23373400D34051 /* Info.plist */,
			);
			path = Animaition_day2Tests;
			sourceTree = "<group>";
		};
		5BDB43EA1E23373400D34051 /* Animaition_day2UITests */ = {
			isa = PBXGroup;
			children = (
				5BDB43EB1E23373400D34051 /* Animaition_day2UITests.m */,
				5BDB43ED1E23373400D34051 /* Info.plist */,
			);
			path = Animaition_day2UITests;
			sourceTree = "<group>";
		};
/* End PBXGroup section */

/* Begin PBXNativeTarget section */
		5BDB43C21E23373200D34051 /* Animaition_day2 */ = {
			isa = PBXNativeTarget;
			buildConfigurationList = 5BDB43F01E23373400D34051 /* Build configuration list for PBXNativeTarget "Animaition_day2" */;
			buildPhases = (
				5BDB43BF1E23373200D34051 /* Sources */,
				5BDB43C01E23373200D34051 /* Frameworks */,
				5BDB43C11E23373200D34051 /* Resources */,
			);
			buildRules = (
			);
			dependencies = (
			);
			name = Animaition_day2;
			productName = Animaition_day2;
			productReference = 5BDB43C31E23373400D34051 /* Animaition_day2.app */;
			productType = "com.apple.product-type.application";
		};
		5BDB43DB1E23373400D34051 /* Animaition_day2Tests */ = {
			isa = PBXNativeTarget;
			buildConfigurationList = 5BDB43F31E23373400D34051 /* Build configuration list for PBXNativeTarget "Animaition_day2Tests" */;
			buildPhases = (
				5BDB43D81E23373400D34051 /* Sources */,
				5BDB43D91E23373400D34051 /* Frameworks */,
				5BDB43DA1E23373400D34051 /* Resources */,
			);
			buildRules = (
			);
			dependencies = (
				5BDB43DE1E23373400D34051 /* PBXTargetDependency */,
			);
			name = Animaition_day2Tests;
			productName = Animaition_day2Tests;
			productReference = 5BDB43DC1E23373400D34051 /* Animaition_day2Tests.xctest */;
			productType = "com.apple.product-type.bundle.unit-test";
		};
		5BDB43E61E23373400D34051 /* Animaition_day2UITests */ = {
			isa = PBXNativeTarget;
			buildConfigurationList = 5BDB43F61E23373400D34051 /* Build configuration list for PBXNativeTarget "Animaition_day2UITests" */;
			buildPhases = (
				5BDB43E31E23373400D34051 /* Sources */,
				5BDB43E41E23373400D34051 /* Frameworks */,
				5BDB43E51E23373400D34051 /* Resources */,
			);
			buildRules = (
			);
			dependencies = (
				5BDB43E91E23373400D34051 /* PBXTargetDependency */,
			);
			name = Animaition_day2UITests;
			productName = Animaition_day2UITests;
			productReference = 5BDB43E71E23373400D34051 /* Animaition_day2UITests.xctest */;
			productType = "com.apple.product-type.bundle.ui-testing";
		};
/* End PBXNativeTarget section */

/* Begin PBXProject section */
		5BDB43BB1E23373200D34051 /* Project object */ = {
			isa = PBXProject;
			attributes = {
				LastUpgradeCheck = 0800;
				ORGANIZATIONNAME = hebing;
				TargetAttributes = {
					5BDB43C21E23373200D34051 = {
						CreatedOnToolsVersion = 8.0;
						DevelopmentTeam = 4DJ5QMC282;
						ProvisioningStyle = Automatic;
					};
					5BDB43DB1E23373400D34051 = {
						CreatedOnToolsVersion = 8.0;
						ProvisioningStyle = Automatic;
						TestTargetID = 5BDB43C21E23373200D34051;
					};
					5BDB43E61E23373400D34051 = {
						CreatedOnToolsVersion = 8.0;
						ProvisioningStyle = Automatic;
						TestTargetID = 5BDB43C21E23373200D34051;
					};
				};
			};
			buildConfigurationList = 5BDB43BE1E23373200D34051 /* Build configuration list for PBXProject "Animaition_day2" */;
			compatibilityVersion = "Xcode 3.2";
			developmentRegion = English;
			hasScannedForEncodings = 0;
			knownRegions = (
				en,
				Base,
			);
			mainGroup = 5BDB43BA1E23373200D34051;
			productRefGroup = 5BDB43C41E23373400D34051 /* Products */;
			projectDirPath = "";
			projectRoot = "";
			targets = (
				5BDB43C21E23373200D34051 /* Animaition_day2 */,
				5BDB43DB1E23373400D34051 /* Animaition_day2Tests */,
				5BDB43E61E23373400D34051 /* Animaition_day2UITests */,
			);
		};
/* End PBXProject section */

/* Begin PBXResourcesBuildPhase section */
		5BDB43C11E23373200D34051 /* Resources */ = {
			isa = PBXResourcesBuildPhase;
			buildActionMask = 2147483647;
			files = (
				5BDB43D61E23373400D34051 /* LaunchScreen.storyboard in Resources */,
				5BDB43D31E23373400D34051 /* Assets.xcassets in Resources */,
				5BDB43D11E23373400D34051 /* Main.storyboard in Resources */,
			);
			runOnlyForDeploymentPostprocessing = 0;
		};
		5BDB43DA1E23373400D34051 /* Resources */ = {
			isa = PBXResourcesBuildPhase;
			buildActionMask = 2147483647;
			files = (
			);
			runOnlyForDeploymentPostprocessing = 0;
		};
		5BDB43E51E23373400D34051 /* Resources */ = {
			isa = PBXResourcesBuildPhase;
			buildActionMask = 2147483647;
			files = (
			);
			runOnlyForDeploymentPostprocessing = 0;
		};
/* End PBXResourcesBuildPhase section */

/* Begin PBXSourcesBuildPhase section */
		5BDB43BF1E23373200D34051 /* Sources */ = {
			isa = PBXSourcesBuildPhase;
			buildActionMask = 2147483647;
			files = (
				5BDB43CE1E23373400D34051 /* ViewController.m in Sources */,
				5BDB43FB1E23382700D34051 /* AnimationView.m in Sources */,
				5BDB43CB1E23373400D34051 /* AppDelegate.m in Sources */,
				5BDB43C81E23373400D34051 /* main.m in Sources */,
			);
			runOnlyForDeploymentPostprocessing = 0;
		};
		5BDB43D81E23373400D34051 /* Sources */ = {
			isa = PBXSourcesBuildPhase;
			buildActionMask = 2147483647;
			files = (
				5BDB43E11E23373400D34051 /* Animaition_day2Tests.m in Sources */,
			);
			runOnlyForDeploymentPostprocessing = 0;
		};
		5BDB43E31E23373400D34051 /* Sources */ = {
			isa = PBXSourcesBuildPhase;
			buildActionMask = 2147483647;
			files = (
				5BDB43EC1E23373400D34051 /* Animaition_day2UITests.m in Sources */,
			);
			runOnlyForDeploymentPostprocessing = 0;
		};
/* End PBXSourcesBuildPhase section */

/* Begin PBXTargetDependency section */
		5BDB43DE1E23373400D34051 /* PBXTargetDependency */ = {
			isa = PBXTargetDependency;
			target = 5BDB43C21E23373200D34051 /* Animaition_day2 */;
			targetProxy = 5BDB43DD1E23373400D34051 /* PBXContainerItemProxy */;
		};
		5BDB43E91E23373400D34051 /* PBXTargetDependency */ = {
			isa = PBXTargetDependency;
			target = 5BDB43C21E23373200D34051 /* Animaition_day2 */;
			targetProxy = 5BDB43E81E23373400D34051 /* PBXContainerItemProxy */;
		};
/* End PBXTargetDependency section */

/* Begin PBXVariantGroup section */
		5BDB43CF1E23373400D34051 /* Main.storyboard */ = {
			isa = PBXVariantGroup;
			children = (
				5BDB43D01E23373400D34051 /* Base */,
			);
			name = Main.storyboard;
			sourceTree = "<group>";
		};
		5BDB43D41E23373400D34051 /* LaunchScreen.storyboard */ = {
			isa = PBXVariantGroup;
			children = (
				5BDB43D51E23373400D34051 /* Base */,
			);
			name = LaunchScreen.storyboard;
			sourceTree = "<group>";
		};
/* End PBXVariantGroup section */

/* Begin XCBuildConfiguration section */
		5BDB43EE1E23373400D34051 /* Debug */ = {
			isa = XCBuildConfiguration;
			buildSettings = {
				ALWAYS_SEARCH_USER_PATHS = NO;
				CLANG_ANALYZER_NONNULL = YES;
				CLANG_CXX_LANGUAGE_STANDARD = "gnu++0x";
				CLANG_CXX_LIBRARY = "libc++";
				CLANG_ENABLE_MODULES = YES;
				CLANG_ENABLE_OBJC_ARC = YES;
				CLANG_WARN_BOOL_CONVERSION = YES;
				CLANG_WARN_CONSTANT_CONVERSION = YES;
				CLANG_WARN_DIRECT_OBJC_ISA_USAGE = YES_ERROR;
				CLANG_WARN_DOCUMENTATION_COMMENTS = YES;
				CLANG_WARN_EMPTY_BODY = YES;
				CLANG_WARN_ENUM_CONVERSION = YES;
				CLANG_WARN_INFINITE_RECURSION = YES;
				CLANG_WARN_INT_CONVERSION = YES;
				CLANG_WARN_OBJC_ROOT_CLASS = YES_ERROR;
				CLANG_WARN_SUSPICIOUS_MOVES = YES;
				CLANG_WARN_UNREACHABLE_CODE = YES;
				CLANG_WARN__DUPLICATE_METHOD_MATCH = YES;
				"CODE_SIGN_IDENTITY[sdk=iphoneos*]" = "iPhone Developer";
				COPY_PHASE_STRIP = NO;
				DEBUG_INFORMATION_FORMAT = dwarf;
				ENABLE_STRICT_OBJC_MSGSEND = YES;
				ENABLE_TESTABILITY = YES;
				GCC_C_LANGUAGE_STANDARD = gnu99;
				GCC_DYNAMIC_NO_PIC = NO;
				GCC_NO_COMMON_BLOCKS = YES;
				GCC_OPTIMIZATION_LEVEL = 0;
				GCC_PREPROCESSOR_DEFINITIONS = (
					"DEBUG=1",
					"$(inherited)",
				);
				GCC_WARN_64_TO_32_BIT_CONVERSION = YES;
				GCC_WARN_ABOUT_RETURN_TYPE = YES_ERROR;
				GCC_WARN_UNDECLARED_SELECTOR = YES;
				GCC_WARN_UNINITIALIZED_AUTOS = YES_AGGRESSIVE;
				GCC_WARN_UNUSED_FUNCTION = YES;
				GCC_WARN_UNUSED_VARIABLE = YES;
				IPHONEOS_DEPLOYMENT_TARGET = 10.0;
				MTL_ENABLE_DEBUG_INFO = YES;
				ONLY_ACTIVE_ARCH = YES;
				SDKROOT = iphoneos;
				TARGETED_DEVICE_FAMILY = "1,2";
			};
			name = Debug;
		};
		5BDB43EF1E23373400D34051 /* Release */ = {
			isa = XCBuildConfiguration;
			buildSettings = {
				ALWAYS_SEARCH_USER_PATHS = NO;
				CLANG_ANALYZER_NONNULL = YES;
				CLANG_CXX_LANGUAGE_STANDARD = "gnu++0x";
				CLANG_CXX_LIBRARY = "libc++";
				CLANG_ENABLE_MODULES = YES;
				CLANG_ENABLE_OBJC_ARC = YES;
				CLANG_WARN_BOOL_CONVERSION = YES;
				CLANG_WARN_CONSTANT_CONVERSION = YES;
				CLANG_WARN_DIRECT_OBJC_ISA_USAGE = YES_ERROR;
				CLANG_WARN_DOCUMENTATION_COMMENTS = YES;
				CLANG_WARN_EMPTY_BODY = YES;
				CLANG_WARN_ENUM_CONVERSION = YES;
				CLANG_WARN_INFINITE_RECURSION = YES;
				CLANG_WARN_INT_CONVERSION = YES;
				CLANG_WARN_OBJC_ROOT_CLASS = YES_ERROR;
				CLANG_WARN_SUSPICIOUS_MOVES = YES;
				CLANG_WARN_UNREACHABLE_CODE = YES;
				CLANG_WARN__DUPLICATE_METHOD_MATCH = YES;
				"CODE_SIGN_IDENTITY[sdk=iphoneos*]" = "iPhone Developer";
				COPY_PHASE_STRIP = NO;
				DEBUG_INFORMATION_FORMAT = "dwarf-with-dsym";
				ENABLE_NS_ASSERTIONS = NO;
				ENABLE_STRICT_OBJC_MSGSEND = YES;
				GCC_C_LANGUAGE_STANDARD = gnu99;
				GCC_NO_COMMON_BLOCKS = YES;
				GCC_WARN_64_TO_32_BIT_CONVERSION = YES;
				GCC_WARN_ABOUT_RETURN_TYPE = YES_ERROR;
				GCC_WARN_UNDECLARED_SELECTOR = YES;
				GCC_WARN_UNINITIALIZED_AUTOS = YES_AGGRESSIVE;
				GCC_WARN_UNUSED_FUNCTION = YES;
				GCC_WARN_UNUSED_VARIABLE = YES;
				IPHONEOS_DEPLOYMENT_TARGET = 10.0;
				MTL_ENABLE_DEBUG_INFO = NO;
				SDKROOT = iphoneos;
				TARGETED_DEVICE_FAMILY = "1,2";
				VALIDATE_PRODUCT = YES;
			};
			name = Release;
		};
		5BDB43F11E23373400D34051 /* Debug */ = {
			isa = XCBuildConfiguration;
			buildSettings = {
				ASSETCATALOG_COMPILER_APPICON_NAME = AppIcon;
				DEVELOPMENT_TEAM = 4DJ5QMC282;
				INFOPLIST_FILE = Animaition_day2/Info.plist;
				IPHONEOS_DEPLOYMENT_TARGET = 8.0;
				LD_RUNPATH_SEARCH_PATHS = "$(inherited) @executable_path/Frameworks";
				PRODUCT_BUNDLE_IDENTIFIER = "canfutianxia.Animaition-day2";
				PRODUCT_NAME = "$(TARGET_NAME)";
			};
			name = Debug;
		};
		5BDB43F21E23373400D34051 /* Release */ = {
			isa = XCBuildConfiguration;
			buildSettings = {
				ASSETCATALOG_COMPILER_APPICON_NAME = AppIcon;
				DEVELOPMENT_TEAM = 4DJ5QMC282;
				INFOPLIST_FILE = Animaition_day2/Info.plist;
				IPHONEOS_DEPLOYMENT_TARGET = 8.0;
				LD_RUNPATH_SEARCH_PATHS = "$(inherited) @executable_path/Frameworks";
				PRODUCT_BUNDLE_IDENTIFIER = "canfutianxia.Animaition-day2";
				PRODUCT_NAME = "$(TARGET_NAME)";
			};
			name = Release;
		};
		5BDB43F41E23373400D34051 /* Debug */ = {
			isa = XCBuildConfiguration;
			buildSettings = {
				BUNDLE_LOADER = "$(TEST_HOST)";
				INFOPLIST_FILE = Animaition_day2Tests/Info.plist;
				LD_RUNPATH_SEARCH_PATHS = "$(inherited) @executable_path/Frameworks @loader_path/Frameworks";
				PRODUCT_BUNDLE_IDENTIFIER = "canfutianxia.Animaition-day2Tests";
				PRODUCT_NAME = "$(TARGET_NAME)";
				TEST_HOST = "$(BUILT_PRODUCTS_DIR)/Animaition_day2.app/Animaition_day2";
			};
			name = Debug;
		};
		5BDB43F51E23373400D34051 /* Release */ = {
			isa = XCBuildConfiguration;
			buildSettings = {
				BUNDLE_LOADER = "$(TEST_HOST)";
				INFOPLIST_FILE = Animaition_day2Tests/Info.plist;
				LD_RUNPATH_SEARCH_PATHS = "$(inherited) @executable_path/Frameworks @loader_path/Frameworks";
				PRODUCT_BUNDLE_IDENTIFIER = "canfutianxia.Animaition-day2Tests";
				PRODUCT_NAME = "$(TARGET_NAME)";
				TEST_HOST = "$(BUILT_PRODUCTS_DIR)/Animaition_day2.app/Animaition_day2";
			};
			name = Release;
		};
		5BDB43F71E23373400D34051 /* Debug */ = {
			isa = XCBuildConfiguration;
			buildSettings = {
				INFOPLIST_FILE = Animaition_day2UITests/Info.plist;
				LD_RUNPATH_SEARCH_PATHS = "$(inherited) @executable_path/Frameworks @loader_path/Frameworks";
				PRODUCT_BUNDLE_IDENTIFIER = "canfutianxia.Animaition-day2UITests";
				PRODUCT_NAME = "$(TARGET_NAME)";
				TEST_TARGET_NAME = Animaition_day2;
			};
			name = Debug;
		};
		5BDB43F81E23373400D34051 /* Release */ = {
			isa = XCBuildConfiguration;
			buildSettings = {
				INFOPLIST_FILE = Animaition_day2UITests/Info.plist;
				LD_RUNPATH_SEARCH_PATHS = "$(inherited) @executable_path/Frameworks @loader_path/Frameworks";
				PRODUCT_BUNDLE_IDENTIFIER = "canfutianxia.Animaition-day2UITests";
				PRODUCT_NAME = "$(TARGET_NAME)";
				TEST_TARGET_NAME = Animaition_day2;
			};
			name = Release;
		};
/* End XCBuildConfiguration section */

/* Begin XCConfigurationList section */
		5BDB43BE1E23373200D34051 /* Build configuration list for PBXProject "Animaition_day2" */ = {
			isa = XCConfigurationList;
			buildConfigurations = (
				5BDB43EE1E23373400D34051 /* Debug */,
				5BDB43EF1E23373400D34051 /* Release */,
			);
			defaultConfigurationIsVisible = 0;
			defaultConfigurationName = Release;
		};
		5BDB43F01E23373400D34051 /* Build configuration list for PBXNativeTarget "Animaition_day2" */ = {
			isa = XCConfigurationList;
			buildConfigurations = (
				5BDB43F11E23373400D34051 /* Debug */,
				5BDB43F21E23373400D34051 /* Release */,
			);
			defaultConfigurationIsVisible = 0;
		};
		5BDB43F31E23373400D34051 /* Build configuration list for PBXNativeTarget "Animaition_day2Tests" */ = {
			isa = XCConfigurationList;
			buildConfigurations = (
				5BDB43F41E23373400D34051 /* Debug */,
				5BDB43F51E23373400D34051 /* Release */,
			);
			defaultConfigurationIsVisible = 0;
		};
		5BDB43F61E23373400D34051 /* Build configuration list for PBXNativeTarget "Animaition_day2UITests" */ = {
			isa = XCConfigurationList;
			buildConfigurations = (
				5BDB43F71E23373400D34051 /* Debug */,
				5BDB43F81E23373400D34051 /* Release */,
			);
			defaultConfigurationIsVisible = 0;
		};
/* End XCConfigurationList section */
	};
	rootObject = 5BDB43BB1E23373200D34051 /* Project object */;
}
